// !$*UTF8*$!
{
	archiveVersion = 1;
	classes = {
	};
	objectVersion = 56;
	objects = {

/* Begin PBXBuildFile section */
		9FD6A0192943442A0094453E /* AppDelegate.m in Sources */ = {isa = PBXBuildFile; fileRef = 9FD6A0182943442A0094453E /* AppDelegate.m */; };
		9FD6A01C2943442A0094453E /* SceneDelegate.m in Sources */ = {isa = PBXBuildFile; fileRef = 9FD6A01B2943442A0094453E /* SceneDelegate.m */; };
		9FD6A01F2943442A0094453E /* ViewController.m in Sources */ = {isa = PBXBuildFile; fileRef = 9FD6A01E2943442A0094453E /* ViewController.m */; };
		9FD6A0222943442A0094453E /* Main.storyboard in Resources */ = {isa = PBXBuildFile; fileRef = 9FD6A0202943442A0094453E /* Main.storyboard */; };
		9FD6A0242943442C0094453E /* Assets.xcassets in Resources */ = {isa = PBXBuildFile; fileRef = 9FD6A0232943442C0094453E /* Assets.xcassets */; };
		9FD6A0272943442C0094453E /* LaunchScreen.storyboard in Resources */ = {isa = PBXBuildFile; fileRef = 9FD6A0252943442C0094453E /* LaunchScreen.storyboard */; };
		9FD6A02A2943442C0094453E /* main.m in Sources */ = {isa = PBXBuildFile; fileRef = 9FD6A0292943442C0094453E /* main.m */; };
		9FD6A0342943442C0094453E /* ps3Tests.m in Sources */ = {isa = PBXBuildFile; fileRef = 9FD6A0332943442C0094453E /* ps3Tests.m */; };
		9FD6A03E2943442C0094453E /* ps3UITests.m in Sources */ = {isa = PBXBuildFile; fileRef = 9FD6A03D2943442C0094453E /* ps3UITests.m */; };
		9FD6A0402943442C0094453E /* ps3UITestsLaunchTests.m in Sources */ = {isa = PBXBuildFile; fileRef = 9FD6A03F2943442C0094453E /* ps3UITestsLaunchTests.m */; };
		9FD6A04E2943C53A0094453E /* GPS.m in Sources */ = {isa = PBXBuildFile; fileRef = 9FD6A04D2943C53A0094453E /* GPS.m */; };
		9FD6A053294A8A6C0094453E /* CoreLocation.framework in Frameworks */ = {isa = PBXBuildFile; fileRef = 9FD6A052294A8A6C0094453E /* CoreLocation.framework */; };
/* End PBXBuildFile section */

/* Begin PBXContainerItemProxy section */
		9FD6A0302943442C0094453E /* PBXContainerItemProxy */ = {
			isa = PBXContainerItemProxy;
			containerPortal = 9FD6A00C2943442A0094453E /* Project object */;
			proxyType = 1;
			remoteGlobalIDString = 9FD6A0132943442A0094453E;
			remoteInfo = ps3;
		};
		9FD6A03A2943442C0094453E /* PBXContainerItemProxy */ = {
			isa = PBXContainerItemProxy;
			containerPortal = 9FD6A00C2943442A0094453E /* Project object */;
			proxyType = 1;
			remoteGlobalIDString = 9FD6A0132943442A0094453E;
			remoteInfo = ps3;
		};
/* End PBXContainerItemProxy section */

/* Begin PBXFileReference section */
		9FD6A0142943442A0094453E /* ps3.app */ = {isa = PBXFileReference; explicitFileType = wrapper.application; includeInIndex = 0; path = ps3.app; sourceTree = BUILT_PRODUCTS_DIR; };
		9FD6A0172943442A0094453E /* AppDelegate.h */ = {isa = PBXFileReference; lastKnownFileType = sourcecode.c.h; path = AppDelegate.h; sourceTree = "<group>"; };
		9FD6A0182943442A0094453E /* AppDelegate.m */ = {isa = PBXFileReference; lastKnownFileType = sourcecode.c.objc; path = AppDelegate.m; sourceTree = "<group>"; };
		9FD6A01A2943442A0094453E /* SceneDelegate.h */ = {isa = PBXFileReference; lastKnownFileType = sourcecode.c.h; path = SceneDelegate.h; sourceTree = "<group>"; };
		9FD6A01B2943442A0094453E /* SceneDelegate.m */ = {isa = PBXFileReference; lastKnownFileType = sourcecode.c.objc; path = SceneDelegate.m; sourceTree = "<group>"; };
		9FD6A01D2943442A0094453E /* ViewController.h */ = {isa = PBXFileReference; lastKnownFileType = sourcecode.c.h; path = ViewController.h; sourceTree = "<group>"; };
		9FD6A01E2943442A0094453E /* ViewController.m */ = {isa = PBXFileReference; lastKnownFileType = sourcecode.c.objc; path = ViewController.m; sourceTree = "<group>"; };
		9FD6A0212943442A0094453E /* Base */ = {isa = PBXFileReference; lastKnownFileType = file.storyboard; name = Base; path = Base.lproj/Main.storyboard; sourceTree = "<group>"; };
		9FD6A0232943442C0094453E /* Assets.xcassets */ = {isa = PBXFileReference; lastKnownFileType = folder.assetcatalog; path = Assets.xcassets; sourceTree = "<group>"; };
		9FD6A0262943442C0094453E /* Base */ = {isa = PBXFileReference; lastKnownFileType = file.storyboard; name = Base; path = Base.lproj/LaunchScreen.storyboard; sourceTree = "<group>"; };
		9FD6A0282943442C0094453E /* Info.plist */ = {isa = PBXFileReference; lastKnownFileType = text.plist.xml; path = Info.plist; sourceTree = "<group>"; };
		9FD6A0292943442C0094453E /* main.m */ = {isa = PBXFileReference; lastKnownFileType = sourcecode.c.objc; path = main.m; sourceTree = "<group>"; };
		9FD6A02F2943442C0094453E /* ps3Tests.xctest */ = {isa = PBXFileReference; explicitFileType = wrapper.cfbundle; includeInIndex = 0; path = ps3Tests.xctest; sourceTree = BUILT_PRODUCTS_DIR; };
		9FD6A0332943442C0094453E /* ps3Tests.m */ = {isa = PBXFileReference; lastKnownFileType = sourcecode.c.objc; path = ps3Tests.m; sourceTree = "<group>"; };
		9FD6A0392943442C0094453E /* ps3UITests.xctest */ = {isa = PBXFileReference; explicitFileType = wrapper.cfbundle; includeInIndex = 0; path = ps3UITests.xctest; sourceTree = BUILT_PRODUCTS_DIR; };
		9FD6A03D2943442C0094453E /* ps3UITests.m */ = {isa = PBXFileReference; lastKnownFileType = sourcecode.c.objc; path = ps3UITests.m; sourceTree = "<group>"; };
		9FD6A03F2943442C0094453E /* ps3UITestsLaunchTests.m */ = {isa = PBXFileReference; lastKnownFileType = sourcecode.c.objc; path = ps3UITestsLaunchTests.m; sourceTree = "<group>"; };
		9FD6A04C2943C53A0094453E /* GPS.h */ = {isa = PBXFileReference; lastKnownFileType = sourcecode.c.h; path = GPS.h; sourceTree = "<group>"; };
		9FD6A04D2943C53A0094453E /* GPS.m */ = {isa = PBXFileReference; lastKnownFileType = sourcecode.c.objc; path = GPS.m; sourceTree = "<group>"; };
		9FD6A052294A8A6C0094453E /* CoreLocation.framework */ = {isa = PBXFileReference; lastKnownFileType = wrapper.framework; name = CoreLocation.framework; path = System/Library/Frameworks/CoreLocation.framework; sourceTree = SDKROOT; };
/* End PBXFileReference section */

/* Begin PBXFrameworksBuildPhase section */
		9FD6A0112943442A0094453E /* Frameworks */ = {
			isa = PBXFrameworksBuildPhase;
			buildActionMask = 2147483647;
			files = (
				9FD6A053294A8A6C0094453E /* CoreLocation.framework in Frameworks */,
			);
			runOnlyForDeploymentPostprocessing = 0;
		};
		9FD6A02C2943442C0094453E /* Frameworks */ = {
			isa = PBXFrameworksBuildPhase;
			buildActionMask = 2147483647;
			files = (
			);
			runOnlyForDeploymentPostprocessing = 0;
		};
		9FD6A0362943442C0094453E /* Frameworks */ = {
			isa = PBXFrameworksBuildPhase;
			buildActionMask = 2147483647;
			files = (
			);
			runOnlyForDeploymentPostprocessing = 0;
		};
/* End PBXFrameworksBuildPhase section */

/* Begin PBXGroup section */
		9FD6A00B2943442A0094453E = {
			isa = PBXGroup;
			children = (
				9FD6A0162943442A0094453E /* ps3 */,
				9FD6A0322943442C0094453E /* ps3Tests */,
				9FD6A03C2943442C0094453E /* ps3UITests */,
				9FD6A0152943442A0094453E /* Products */,
				9FD6A051294A8A6C0094453E /* Frameworks */,
			);
			sourceTree = "<group>";
		};
		9FD6A0152943442A0094453E /* Products */ = {
			isa = PBXGroup;
			children = (
				9FD6A0142943442A0094453E /* ps3.app */,
				9FD6A02F2943442C0094453E /* ps3Tests.xctest */,
				9FD6A0392943442C0094453E /* ps3UITests.xctest */,
			);
			name = Products;
			sourceTree = "<group>";
		};
		9FD6A0162943442A0094453E /* ps3 */ = {
			isa = PBXGroup;
			children = (
				9FD6A04C2943C53A0094453E /* GPS.h */,
				9FD6A04D2943C53A0094453E /* GPS.m */,
				9FD6A0172943442A0094453E /* AppDelegate.h */,
				9FD6A0182943442A0094453E /* AppDelegate.m */,
				9FD6A01A2943442A0094453E /* SceneDelegate.h */,
				9FD6A01B2943442A0094453E /* SceneDelegate.m */,
				9FD6A01D2943442A0094453E /* ViewController.h */,
				9FD6A01E2943442A0094453E /* ViewController.m */,
				9FD6A0202943442A0094453E /* Main.storyboard */,
				9FD6A0232943442C0094453E /* Assets.xcassets */,
				9FD6A0252943442C0094453E /* LaunchScreen.storyboard */,
				9FD6A0282943442C0094453E /* Info.plist */,
				9FD6A0292943442C0094453E /* main.m */,
			);
			path = ps3;
			sourceTree = "<group>";
		};
		9FD6A0322943442C0094453E /* ps3Tests */ = {
			isa = PBXGroup;
			children = (
				9FD6A0332943442C0094453E /* ps3Tests.m */,
			);
			path = ps3Tests;
			sourceTree = "<group>";
		};
		9FD6A03C2943442C0094453E /* ps3UITests */ = {
			isa = PBXGroup;
			children = (
				9FD6A03D2943442C0094453E /* ps3UITests.m */,
				9FD6A03F2943442C0094453E /* ps3UITestsLaunchTests.m */,
			);
			path = ps3UITests;
			sourceTree = "<group>";
		};
		9FD6A051294A8A6C0094453E /* Frameworks */ = {
			isa = PBXGroup;
			children = (
				9FD6A052294A8A6C0094453E /* CoreLocation.framework */,
			);
			name = Frameworks;
			sourceTree = "<group>";
		};
/* End PBXGroup section */

/* Begin PBXNativeTarget section */
		9FD6A0132943442A0094453E /* ps3 */ = {
			isa = PBXNativeTarget;
			buildConfigurationList = 9FD6A0432943442C0094453E /* Build configuration list for PBXNativeTarget "ps3" */;
			buildPhases = (
				9FD6A0102943442A0094453E /* Sources */,
				9FD6A0112943442A0094453E /* Frameworks */,
				9FD6A0122943442A0094453E /* Resources */,
			);
			buildRules = (
			);
			dependencies = (
			);
			name = ps3;
			productName = ps3;
			productReference = 9FD6A0142943442A0094453E /* ps3.app */;
			productType = "com.apple.product-type.application";
		};
		9FD6A02E2943442C0094453E /* ps3Tests */ = {
			isa = PBXNativeTarget;
			buildConfigurationList = 9FD6A0462943442C0094453E /* Build configuration list for PBXNativeTarget "ps3Tests" */;
			buildPhases = (
				9FD6A02B2943442C0094453E /* Sources */,
				9FD6A02C2943442C0094453E /* Frameworks */,
				9FD6A02D2943442C0094453E /* Resources */,
			);
			buildRules = (
			);
			dependencies = (
				9FD6A0312943442C0094453E /* PBXTargetDependency */,
			);
			name = ps3Tests;
			productName = ps3Tests;
			productReference = 9FD6A02F2943442C0094453E /* ps3Tests.xctest */;
			productType = "com.apple.product-type.bundle.unit-test";
		};
		9FD6A0382943442C0094453E /* ps3UITests */ = {
			isa = PBXNativeTarget;
			buildConfigurationList = 9FD6A0492943442C0094453E /* Build configuration list for PBXNativeTarget "ps3UITests" */;
			buildPhases = (
				9FD6A0352943442C0094453E /* Sources */,
				9FD6A0362943442C0094453E /* Frameworks */,
				9FD6A0372943442C0094453E /* Resources */,
			);
			buildRules = (
			);
			dependencies = (
				9FD6A03B2943442C0094453E /* PBXTargetDependency */,
			);
			name = ps3UITests;
			productName = ps3UITests;
			productReference = 9FD6A0392943442C0094453E /* ps3UITests.xctest */;
			productType = "com.apple.product-type.bundle.ui-testing";
		};
/* End PBXNativeTarget section */

/* Begin PBXProject section */
		9FD6A00C2943442A0094453E /* Project object */ = {
			isa = PBXProject;
			attributes = {
				BuildIndependentTargetsInParallel = 1;
				LastUpgradeCheck = 1410;
				TargetAttributes = {
					9FD6A0132943442A0094453E = {
						CreatedOnToolsVersion = 14.1;
					};
					9FD6A02E2943442C0094453E = {
						CreatedOnToolsVersion = 14.1;
						TestTargetID = 9FD6A0132943442A0094453E;
					};
					9FD6A0382943442C0094453E = {
						CreatedOnToolsVersion = 14.1;
						TestTargetID = 9FD6A0132943442A0094453E;
					};
				};
			};
			buildConfigurationList = 9FD6A00F2943442A0094453E /* Build configuration list for PBXProject "ps3" */;
			compatibilityVersion = "Xcode 14.0";
			developmentRegion = en;
			hasScannedForEncodings = 0;
			knownRegions = (
				en,
				Base,
			);
			mainGroup = 9FD6A00B2943442A0094453E;
			productRefGroup = 9FD6A0152943442A0094453E /* Products */;
			projectDirPath = "";
			projectRoot = "";
			targets = (
				9FD6A0132943442A0094453E /* ps3 */,
				9FD6A02E2943442C0094453E /* ps3Tests */,
				9FD6A0382943442C0094453E /* ps3UITests */,
			);
		};
/* End PBXProject section */

/* Begin PBXResourcesBuildPhase section */
		9FD6A0122943442A0094453E /* Resources */ = {
			isa = PBXResourcesBuildPhase;
			buildActionMask = 2147483647;
			files = (
				9FD6A0272943442C0094453E /* LaunchScreen.storyboard in Resources */,
				9FD6A0242943442C0094453E /* Assets.xcassets in Resources */,
				9FD6A0222943442A0094453E /* Main.storyboard in Resources */,
			);
			runOnlyForDeploymentPostprocessing = 0;
		};
		9FD6A02D2943442C0094453E /* Resources */ = {
			isa = PBXResourcesBuildPhase;
			buildActionMask = 2147483647;
			files = (
			);
			runOnlyForDeploymentPostprocessing = 0;
		};
		9FD6A0372943442C0094453E /* Resources */ = {
			isa = PBXResourcesBuildPhase;
			buildActionMask = 2147483647;
			files = (
			);
			runOnlyForDeploymentPostprocessing = 0;
		};
/* End PBXResourcesBuildPhase section */

/* Begin PBXSourcesBuildPhase section */
		9FD6A0102943442A0094453E /* Sources */ = {
			isa = PBXSourcesBuildPhase;
			buildActionMask = 2147483647;
			files = (
				9FD6A01F2943442A0094453E /* ViewController.m in Sources */,
				9FD6A0192943442A0094453E /* AppDelegate.m in Sources */,
				9FD6A04E2943C53A0094453E /* GPS.m in Sources */,
				9FD6A02A2943442C0094453E /* main.m in Sources */,
				9FD6A01C2943442A0094453E /* SceneDelegate.m in Sources */,
			);
			runOnlyForDeploymentPostprocessing = 0;
		};
		9FD6A02B2943442C0094453E /* Sources */ = {
			isa = PBXSourcesBuildPhase;
			buildActionMask = 2147483647;
			files = (
				9FD6A0342943442C0094453E /* ps3Tests.m in Sources */,
			);
			runOnlyForDeploymentPostprocessing = 0;
		};
		9FD6A0352943442C0094453E /* Sources */ = {
			isa = PBXSourcesBuildPhase;
			buildActionMask = 2147483647;
			files = (
				9FD6A03E2943442C0094453E /* ps3UITests.m in Sources */,
				9FD6A0402943442C0094453E /* ps3UITestsLaunchTests.m in Sources */,
			);
			runOnlyForDeploymentPostprocessing = 0;
		};
/* End PBXSourcesBuildPhase section */

/* Begin PBXTargetDependency section */
		9FD6A0312943442C0094453E /* PBXTargetDependency */ = {
			isa = PBXTargetDependency;
			target = 9FD6A0132943442A0094453E /* ps3 */;
			targetProxy = 9FD6A0302943442C0094453E /* PBXContainerItemProxy */;
		};
		9FD6A03B2943442C0094453E /* PBXTargetDependency */ = {
			isa = PBXTargetDependency;
			target = 9FD6A0132943442A0094453E /* ps3 */;
			targetProxy = 9FD6A03A2943442C0094453E /* PBXContainerItemProxy */;
		};
/* End PBXTargetDependency section */

/* Begin PBXVariantGroup section */
		9FD6A0202943442A0094453E /* Main.storyboard */ = {
			isa = PBXVariantGroup;
			children = (
				9FD6A0212943442A0094453E /* Base */,
			);
			name = Main.storyboard;
			sourceTree = "<group>";
		};
		9FD6A0252943442C0094453E /* LaunchScreen.storyboard */ = {
			isa = PBXVariantGroup;
			children = (
				9FD6A0262943442C0094453E /* Base */,
			);
			name = LaunchScreen.storyboard;
			sourceTree = "<group>";
		};
/* End PBXVariantGroup section */

/* Begin XCBuildConfiguration section */
		9FD6A0412943442C0094453E /* Debug */ = {
			isa = XCBuildConfiguration;
			buildSettings = {
				ALWAYS_SEARCH_USER_PATHS = NO;
				CLANG_ANALYZER_NONNULL = YES;
				CLANG_ANALYZER_NUMBER_OBJECT_CONVERSION = YES_AGGRESSIVE;
				CLANG_CXX_LANGUAGE_STANDARD = "gnu++20";
				CLANG_ENABLE_MODULES = YES;
				CLANG_ENABLE_OBJC_ARC = YES;
				CLANG_ENABLE_OBJC_WEAK = YES;
				CLANG_WARN_BLOCK_CAPTURE_AUTORELEASING = YES;
				CLANG_WARN_BOOL_CONVERSION = YES;
				CLANG_WARN_COMMA = YES;
				CLANG_WARN_CONSTANT_CONVERSION = YES;
				CLANG_WARN_DEPRECATED_OBJC_IMPLEMENTATIONS = YES;
				CLANG_WARN_DIRECT_OBJC_ISA_USAGE = YES_ERROR;
				CLANG_WARN_DOCUMENTATION_COMMENTS = YES;
				CLANG_WARN_EMPTY_BODY = YES;
				CLANG_WARN_ENUM_CONVERSION = YES;
				CLANG_WARN_INFINITE_RECURSION = YES;
				CLANG_WARN_INT_CONVERSION = YES;
				CLANG_WARN_NON_LITERAL_NULL_CONVERSION = YES;
				CLANG_WARN_OBJC_IMPLICIT_RETAIN_SELF = YES;
				CLANG_WARN_OBJC_LITERAL_CONVERSION = YES;
				CLANG_WARN_OBJC_ROOT_CLASS = YES_ERROR;
				CLANG_WARN_QUOTED_INCLUDE_IN_FRAMEWORK_HEADER = YES;
				CLANG_WARN_RANGE_LOOP_ANALYSIS = YES;
				CLANG_WARN_STRICT_PROTOTYPES = YES;
				CLANG_WARN_SUSPICIOUS_MOVE = YES;
				CLANG_WARN_UNGUARDED_AVAILABILITY = YES_AGGRESSIVE;
				CLANG_WARN_UNREACHABLE_CODE = YES;
				CLANG_WARN__DUPLICATE_METHOD_MATCH = YES;
				COPY_PHASE_STRIP = NO;
				DEBUG_INFORMATION_FORMAT = dwarf;
				ENABLE_STRICT_OBJC_MSGSEND = YES;
				ENABLE_TESTABILITY = YES;
				GCC_C_LANGUAGE_STANDARD = gnu11;
				GCC_DYNAMIC_NO_PIC = NO;
				GCC_NO_COMMON_BLOCKS = YES;
				GCC_OPTIMIZATION_LEVEL = 0;
				GCC_PREPROCESSOR_DEFINITIONS = (
					"DEBUG=1",
					"$(inherited)",
				);
				GCC_WARN_64_TO_32_BIT_CONVERSION = YES;
				GCC_WARN_ABOUT_RETURN_TYPE = YES_ERROR;
				GCC_WARN_UNDECLARED_SELECTOR = YES;
				GCC_WARN_UNINITIALIZED_AUTOS = YES_AGGRESSIVE;
				GCC_WARN_UNUSED_FUNCTION = YES;
				GCC_WARN_UNUSED_VARIABLE = YES;
				IPHONEOS_DEPLOYMENT_TARGET = 16.1;
				MTL_ENABLE_DEBUG_INFO = INCLUDE_SOURCE;
				MTL_FAST_MATH = YES;
				ONLY_ACTIVE_ARCH = YES;
				SDKROOT = iphoneos;
			};
			name = Debug;
		};
		9FD6A0422943442C0094453E /* Release */ = {
			isa = XCBuildConfiguration;
			buildSettings = {
				ALWAYS_SEARCH_USER_PATHS = NO;
				CLANG_ANALYZER_NONNULL = YES;
				CLANG_ANALYZER_NUMBER_OBJECT_CONVERSION = YES_AGGRESSIVE;
				CLANG_CXX_LANGUAGE_STANDARD = "gnu++20";
				CLANG_ENABLE_MODULES = YES;
				CLANG_ENABLE_OBJC_ARC = YES;
				CLANG_ENABLE_OBJC_WEAK = YES;
				CLANG_WARN_BLOCK_CAPTURE_AUTORELEASING = YES;
				CLANG_WARN_BOOL_CONVERSION = YES;
				CLANG_WARN_COMMA = YES;
				CLANG_WARN_CONSTANT_CONVERSION = YES;
				CLANG_WARN_DEPRECATED_OBJC_IMPLEMENTATIONS = YES;
				CLANG_WARN_DIRECT_OBJC_ISA_USAGE = YES_ERROR;
				CLANG_WARN_DOCUMENTATION_COMMENTS = YES;
				CLANG_WARN_EMPTY_BODY = YES;
				CLANG_WARN_ENUM_CONVERSION = YES;
				CLANG_WARN_INFINITE_RECURSION = YES;
				CLANG_WARN_INT_CONVERSION = YES;
				CLANG_WARN_NON_LITERAL_NULL_CONVERSION = YES;
				CLANG_WARN_OBJC_IMPLICIT_RETAIN_SELF = YES;
				CLANG_WARN_OBJC_LITERAL_CONVERSION = YES;
				CLANG_WARN_OBJC_ROOT_CLASS = YES_ERROR;
				CLANG_WARN_QUOTED_INCLUDE_IN_FRAMEWORK_HEADER = YES;
				CLANG_WARN_RANGE_LOOP_ANALYSIS = YES;
				CLANG_WARN_STRICT_PROTOTYPES = YES;
				CLANG_WARN_SUSPICIOUS_MOVE = YES;
				CLANG_WARN_UNGUARDED_AVAILABILITY = YES_AGGRESSIVE;
				CLANG_WARN_UNREACHABLE_CODE = YES;
				CLANG_WARN__DUPLICATE_METHOD_MATCH = YES;
				COPY_PHASE_STRIP = NO;
				DEBUG_INFORMATION_FORMAT = "dwarf-with-dsym";
				ENABLE_NS_ASSERTIONS = NO;
				ENABLE_STRICT_OBJC_MSGSEND = YES;
				GCC_C_LANGUAGE_STANDARD = gnu11;
				GCC_NO_COMMON_BLOCKS = YES;
				GCC_WARN_64_TO_32_BIT_CONVERSION = YES;
				GCC_WARN_ABOUT_RETURN_TYPE = YES_ERROR;
				GCC_WARN_UNDECLARED_SELECTOR = YES;
				GCC_WARN_UNINITIALIZED_AUTOS = YES_AGGRESSIVE;
				GCC_WARN_UNUSED_FUNCTION = YES;
				GCC_WARN_UNUSED_VARIABLE = YES;
				IPHONEOS_DEPLOYMENT_TARGET = 16.1;
				MTL_ENABLE_DEBUG_INFO = NO;
				MTL_FAST_MATH = YES;
				SDKROOT = iphoneos;
				VALIDATE_PRODUCT = YES;
			};
			name = Release;
		};
		9FD6A0442943442C0094453E /* Debug */ = {
			isa = XCBuildConfiguration;
			buildSettings = {
				ASSETCATALOG_COMPILER_APPICON_NAME = AppIcon;
				ASSETCATALOG_COMPILER_GLOBAL_ACCENT_COLOR_NAME = AccentColor;
				CODE_SIGN_STYLE = Automatic;
				CURRENT_PROJECT_VERSION = 1;
				GENERATE_INFOPLIST_FILE = YES;
				INFOPLIST_FILE = ps3/Info.plist;
				INFOPLIST_KEY_UIApplicationSupportsIndirectInputEvents = YES;
				INFOPLIST_KEY_UILaunchStoryboardName = LaunchScreen;
				INFOPLIST_KEY_UIMainStoryboardFile = Main;
				INFOPLIST_KEY_UISupportedInterfaceOrientations_iPad = "UIInterfaceOrientationPortrait UIInterfaceOrientationPortraitUpsideDown UIInterfaceOrientationLandscapeLeft UIInterfaceOrientationLandscapeRight";
				INFOPLIST_KEY_UISupportedInterfaceOrientations_iPhone = "UIInterfaceOrientationPortrait UIInterfaceOrientationLandscapeLeft UIInterfaceOrientationLandscapeRight";
				LD_RUNPATH_SEARCH_PATHS = (
					"$(inherited)",
					"@executable_path/Frameworks",
				);
				MARKETING_VERSION = 1.0;
				PRODUCT_BUNDLE_IDENTIFIER = ceroprod.ps3;
				PRODUCT_NAME = "$(TARGET_NAME)";
				SWIFT_EMIT_LOC_STRINGS = YES;
				TARGETED_DEVICE_FAMILY = "1,2";
			};
			name = Debug;
		};
		9FD6A0452943442C0094453E /* Release */ = {
			isa = XCBuildConfiguration;
			buildSettings = {
				ASSETCATALOG_COMPILER_APPICON_NAME = AppIcon;
				ASSETCATALOG_COMPILER_GLOBAL_ACCENT_COLOR_NAME = AccentColor;
				CODE_SIGN_STYLE = Automatic;
				CURRENT_PROJECT_VERSION = 1;
				GENERATE_INFOPLIST_FILE = YES;
				INFOPLIST_FILE = ps3/Info.plist;
				INFOPLIST_KEY_UIApplicationSupportsIndirectInputEvents = YES;
				INFOPLIST_KEY_UILaunchStoryboardName = LaunchScreen;
				INFOPLIST_KEY_UIMainStoryboardFile = Main;
				INFOPLIST_KEY_UISupportedInterfaceOrientations_iPad = "UIInterfaceOrientationPortrait UIInterfaceOrientationPortraitUpsideDown UIInterfaceOrientationLandscapeLeft UIInterfaceOrientationLandscapeRight";
				INFOPLIST_KEY_UISupportedInterfaceOrientations_iPhone = "UIInterfaceOrientationPortrait UIInterfaceOrientationLandscapeLeft UIInterfaceOrientationLandscapeRight";
				LD_RUNPATH_SEARCH_PATHS = (
					"$(inherited)",
					"@executable_path/Frameworks",
				);
				MARKETING_VERSION = 1.0;
				PRODUCT_BUNDLE_IDENTIFIER = ceroprod.ps3;
				PRODUCT_NAME = "$(TARGET_NAME)";
				SWIFT_EMIT_LOC_STRINGS = YES;
				TARGETED_DEVICE_FAMILY = "1,2";
			};
			name = Release;
		};
		9FD6A0472943442C0094453E /* Debug */ = {
			isa = XCBuildConfiguration;
			buildSettings = {
				BUNDLE_LOADER = "$(TEST_HOST)";
				CODE_SIGN_STYLE = Automatic;
				CURRENT_PROJECT_VERSION = 1;
				GENERATE_INFOPLIST_FILE = YES;
				IPHONEOS_DEPLOYMENT_TARGET = 16.1;
				MARKETING_VERSION = 1.0;
				PRODUCT_BUNDLE_IDENTIFIER = ceroprod.ps3Tests;
				PRODUCT_NAME = "$(TARGET_NAME)";
				SWIFT_EMIT_LOC_STRINGS = NO;
				TARGETED_DEVICE_FAMILY = "1,2";
				TEST_HOST = "$(BUILT_PRODUCTS_DIR)/ps3.app/$(BUNDLE_EXECUTABLE_FOLDER_PATH)/ps3";
			};
			name = Debug;
		};
		9FD6A0482943442C0094453E /* Release */ = {
			isa = XCBuildConfiguration;
			buildSettings = {
				BUNDLE_LOADER = "$(TEST_HOST)";
				CODE_SIGN_STYLE = Automatic;
				CURRENT_PROJECT_VERSION = 1;
				GENERATE_INFOPLIST_FILE = YES;
				IPHONEOS_DEPLOYMENT_TARGET = 16.1;
				MARKETING_VERSION = 1.0;
				PRODUCT_BUNDLE_IDENTIFIER = ceroprod.ps3Tests;
				PRODUCT_NAME = "$(TARGET_NAME)";
				SWIFT_EMIT_LOC_STRINGS = NO;
				TARGETED_DEVICE_FAMILY = "1,2";
				TEST_HOST = "$(BUILT_PRODUCTS_DIR)/ps3.app/$(BUNDLE_EXECUTABLE_FOLDER_PATH)/ps3";
			};
			name = Release;
		};
		9FD6A04A2943442C0094453E /* Debug */ = {
			isa = XCBuildConfiguration;
			buildSettings = {
				CODE_SIGN_STYLE = Automatic;
				CURRENT_PROJECT_VERSION = 1;
				GENERATE_INFOPLIST_FILE = YES;
				MARKETING_VERSION = 1.0;
				PRODUCT_BUNDLE_IDENTIFIER = ceroprod.ps3UITests;
				PRODUCT_NAME = "$(TARGET_NAME)";
				SWIFT_EMIT_LOC_STRINGS = NO;
				TARGETED_DEVICE_FAMILY = "1,2";
				TEST_TARGET_NAME = ps3;
			};
			name = Debug;
		};
		9FD6A04B2943442C0094453E /* Release */ = {
			isa = XCBuildConfiguration;
			buildSettings = {
				CODE_SIGN_STYLE = Automatic;
				CURRENT_PROJECT_VERSION = 1;
				GENERATE_INFOPLIST_FILE = YES;
				MARKETING_VERSION = 1.0;
				PRODUCT_BUNDLE_IDENTIFIER = ceroprod.ps3UITests;
				PRODUCT_NAME = "$(TARGET_NAME)";
				SWIFT_EMIT_LOC_STRINGS = NO;
				TARGETED_DEVICE_FAMILY = "1,2";
				TEST_TARGET_NAME = ps3;
			};
			name = Release;
		};
/* End XCBuildConfiguration section */

/* Begin XCConfigurationList section */
		9FD6A00F2943442A0094453E /* Build configuration list for PBXProject "ps3" */ = {
			isa = XCConfigurationList;
			buildConfigurations = (
				9FD6A0412943442C0094453E /* Debug */,
				9FD6A0422943442C0094453E /* Release */,
			);
			defaultConfigurationIsVisible = 0;
			defaultConfigurationName = Release;
		};
		9FD6A0432943442C0094453E /* Build configuration list for PBXNativeTarget "ps3" */ = {
			isa = XCConfigurationList;
			buildConfigurations = (
				9FD6A0442943442C0094453E /* Debug */,
				9FD6A0452943442C0094453E /* Release */,
			);
			defaultConfigurationIsVisible = 0;
			defaultConfigurationName = Release;
		};
		9FD6A0462943442C0094453E /* Build configuration list for PBXNativeTarget "ps3Tests" */ = {
			isa = XCConfigurationList;
			buildConfigurations = (
				9FD6A0472943442C0094453E /* Debug */,
				9FD6A0482943442C0094453E /* Release */,
			);
			defaultConfigurationIsVisible = 0;
			defaultConfigurationName = Release;
		};
		9FD6A0492943442C0094453E /* Build configuration list for PBXNativeTarget "ps3UITests" */ = {
			isa = XCConfigurationList;
			buildConfigurations = (
				9FD6A04A2943442C0094453E /* Debug */,
				9FD6A04B2943442C0094453E /* Release */,
			);
			defaultConfigurationIsVisible = 0;
			defaultConfigurationName = Release;
		};
/* End XCConfigurationList section */
	};
	rootObject = 9FD6A00C2943442A0094453E /* Project object */;
}
